
Microsoft Visual Studio Solution File, Format Version 12.00
# Visual Studio 2013
VisualStudioVersion = 12.0.31101.0
MinimumVisualStudioVersion = 10.0.40219.1
Project("{FAE04EC0-301F-11D3-BF4B-00C04F79EFBC}") = "Resume.WinPhone", "Resume.WinPhone\Resume.WinPhone.csproj", "{6DD9BC86-B7C4-4C8A-A793-C1870A8A774D}"
EndProject
Project("{FAE04EC0-301F-11D3-BF4B-00C04F79EFBC}") = "Resume.iOS", "Resume.iOS\Resume.iOS.csproj", "{28A82DFD-B041-47DE-B3BE-6AE26339A386}"
EndProject
Project("{FAE04EC0-301F-11D3-BF4B-00C04F79EFBC}") = "Resume.Droid", "Resume.Droid\Resume.Droid.csproj", "{48D9F34D-BBBB-42FC-9C3F-8AC856AD8A17}"
EndProject
Project("{D954291E-2A0B-460D-934E-DC6B0785DB48}") = "Resume", "Resume\Resume.shproj", "{D9EB00C8-F87B-48A7-9529-C96D7154CB72}"
EndProject
Global
	GlobalSection(SharedMSBuildProjectFiles) = preSolution
		Resume\Resume.projitems*{d9eb00c8-f87b-48a7-9529-c96d7154cb72}*SharedItemsImports = 13
		Resume\Resume.projitems*{6dd9bc86-b7c4-4c8a-a793-c1870a8a774d}*SharedItemsImports = 4
		Resume\Resume.projitems*{48d9f34d-bbbb-42fc-9c3f-8ac856ad8a17}*SharedItemsImports = 4
	EndGlobalSection
	GlobalSection(SolutionConfigurationPlatforms) = preSolution
		Ad-Hoc|Any CPU = Ad-Hoc|Any CPU
		Ad-Hoc|ARM = Ad-Hoc|ARM
		Ad-Hoc|iPhone = Ad-Hoc|iPhone
		Ad-Hoc|iPhoneSimulator = Ad-Hoc|iPhoneSimulator
		Ad-Hoc|Mixed Platforms = Ad-Hoc|Mixed Platforms
		Ad-Hoc|x86 = Ad-Hoc|x86
		AppStore|Any CPU = AppStore|Any CPU
		AppStore|ARM = AppStore|ARM
		AppStore|iPhone = AppStore|iPhone
		AppStore|iPhoneSimulator = AppStore|iPhoneSimulator
		AppStore|Mixed Platforms = AppStore|Mixed Platforms
		AppStore|x86 = AppStore|x86
		Debug|Any CPU = Debug|Any CPU
		Debug|ARM = Debug|ARM
		Debug|iPhone = Debug|iPhone
		Debug|iPhoneSimulator = Debug|iPhoneSimulator
		Debug|Mixed Platforms = Debug|Mixed Platforms
		Debug|x86 = Debug|x86
		Release|Any CPU = Release|Any CPU
		Release|ARM = Release|ARM
		Release|iPhone = Release|iPhone
		Release|iPhoneSimulator = Release|iPhoneSimulator
		Release|Mixed Platforms = Release|Mixed Platforms
		Release|x86 = Release|x86
	EndGlobalSection
	GlobalSection(ProjectConfigurationPlatforms) = postSolution
		{6DD9BC86-B7C4-4C8A-A793-C1870A8A774D}.Ad-Hoc|Any CPU.ActiveCfg = Release|Any CPU
		{6DD9BC86-B7C4-4C8A-A793-C1870A8A774D}.Ad-Hoc|Any CPU.Build.0 = Release|Any CPU
		{6DD9BC86-B7C4-4C8A-A793-C1870A8A774D}.Ad-Hoc|Any CPU.Deploy.0 = Release|Any CPU
		{6DD9BC86-B7C4-4C8A-A793-C1870A8A774D}.Ad-Hoc|ARM.ActiveCfg = Release|ARM
		{6DD9BC86-B7C4-4C8A-A793-C1870A8A774D}.Ad-Hoc|ARM.Build.0 = Release|ARM
		{6DD9BC86-B7C4-4C8A-A793-C1870A8A774D}.Ad-Hoc|ARM.Deploy.0 = Release|ARM
		{6DD9BC86-B7C4-4C8A-A793-C1870A8A774D}.Ad-Hoc|iPhone.ActiveCfg = Release|Any CPU
		{6DD9BC86-B7C4-4C8A-A793-C1870A8A774D}.Ad-Hoc|iPhoneSimulator.ActiveCfg = Release|Any CPU
		{6DD9BC86-B7C4-4C8A-A793-C1870A8A774D}.Ad-Hoc|Mixed Platforms.ActiveCfg = Release|x86
		{6DD9BC86-B7C4-4C8A-A793-C1870A8A774D}.Ad-Hoc|Mixed Platforms.Build.0 = Release|x86
		{6DD9BC86-B7C4-4C8A-A793-C1870A8A774D}.Ad-Hoc|Mixed Platforms.Deploy.0 = Release|x86
		{6DD9BC86-B7C4-4C8A-A793-C1870A8A774D}.Ad-Hoc|x86.ActiveCfg = Release|x86
		{6DD9BC86-B7C4-4C8A-A793-C1870A8A774D}.Ad-Hoc|x86.Build.0 = Release|x86
		{6DD9BC86-B7C4-4C8A-A793-C1870A8A774D}.Ad-Hoc|x86.Deploy.0 = Release|x86
		{6DD9BC86-B7C4-4C8A-A793-C1870A8A774D}.AppStore|Any CPU.ActiveCfg = Release|Any CPU
		{6DD9BC86-B7C4-4C8A-A793-C1870A8A774D}.AppStore|Any CPU.Build.0 = Release|Any CPU
		{6DD9BC86-B7C4-4C8A-A793-C1870A8A774D}.AppStore|Any CPU.Deploy.0 = Release|Any CPU
		{6DD9BC86-B7C4-4C8A-A793-C1870A8A774D}.AppStore|ARM.ActiveCfg = Release|ARM
		{6DD9BC86-B7C4-4C8A-A793-C1870A8A774D}.AppStore|ARM.Build.0 = Release|ARM
		{6DD9BC86-B7C4-4C8A-A793-C1870A8A774D}.AppStore|ARM.Deploy.0 = Release|ARM
		{6DD9BC86-B7C4-4C8A-A793-C1870A8A774D}.AppStore|iPhone.ActiveCfg = Release|Any CPU
		{6DD9BC86-B7C4-4C8A-A793-C1870A8A774D}.AppStore|iPhoneSimulator.ActiveCfg = Release|Any CPU
		{6DD9BC86-B7C4-4C8A-A793-C1870A8A774D}.AppStore|Mixed Platforms.ActiveCfg = Release|x86
		{6DD9BC86-B7C4-4C8A-A793-C1870A8A774D}.AppStore|Mixed Platforms.Build.0 = Release|x86
		{6DD9BC86-B7C4-4C8A-A793-C1870A8A774D}.AppStore|Mixed Platforms.Deploy.0 = Release|x86
		{6DD9BC86-B7C4-4C8A-A793-C1870A8A774D}.AppStore|x86.ActiveCfg = Release|x86
		{6DD9BC86-B7C4-4C8A-A793-C1870A8A774D}.AppStore|x86.Build.0 = Release|x86
		{6DD9BC86-B7C4-4C8A-A793-C1870A8A774D}.AppStore|x86.Deploy.0 = Release|x86
		{6DD9BC86-B7C4-4C8A-A793-C1870A8A774D}.Debug|Any CPU.ActiveCfg = Debug|Any CPU
		{6DD9BC86-B7C4-4C8A-A793-C1870A8A774D}.Debug|Any CPU.Build.0 = Debug|Any CPU
		{6DD9BC86-B7C4-4C8A-A793-C1870A8A774D}.Debug|Any CPU.Deploy.0 = Debug|Any CPU
		{6DD9BC86-B7C4-4C8A-A793-C1870A8A774D}.Debug|ARM.ActiveCfg = Debug|ARM
		{6DD9BC86-B7C4-4C8A-A793-C1870A8A774D}.Debug|ARM.Build.0 = Debug|ARM
		{6DD9BC86-B7C4-4C8A-A793-C1870A8A774D}.Debug|ARM.Deploy.0 = Debug|ARM
		{6DD9BC86-B7C4-4C8A-A793-C1870A8A774D}.Debug|iPhone.ActiveCfg = Debug|Any CPU
		{6DD9BC86-B7C4-4C8A-A793-C1870A8A774D}.Debug|iPhoneSimulator.ActiveCfg = Debug|Any CPU
		{6DD9BC86-B7C4-4C8A-A793-C1870A8A774D}.Debug|Mixed Platforms.ActiveCfg = Debug|x86
		{6DD9BC86-B7C4-4C8A-A793-C1870A8A774D}.Debug|Mixed Platforms.Build.0 = Debug|x86
		{6DD9BC86-B7C4-4C8A-A793-C1870A8A774D}.Debug|Mixed Platforms.Deploy.0 = Debug|x86
		{6DD9BC86-B7C4-4C8A-A793-C1870A8A774D}.Debug|x86.ActiveCfg = Debug|x86
		{6DD9BC86-B7C4-4C8A-A793-C1870A8A774D}.Debug|x86.Build.0 = Debug|x86
		{6DD9BC86-B7C4-4C8A-A793-C1870A8A774D}.Debug|x86.Deploy.0 = Debug|x86
		{6DD9BC86-B7C4-4C8A-A793-C1870A8A774D}.Release|Any CPU.ActiveCfg = Release|Any CPU
		{6DD9BC86-B7C4-4C8A-A793-C1870A8A774D}.Release|Any CPU.Build.0 = Release|Any CPU
		{6DD9BC86-B7C4-4C8A-A793-C1870A8A774D}.Release|Any CPU.Deploy.0 = Release|Any CPU
		{6DD9BC86-B7C4-4C8A-A793-C1870A8A774D}.Release|ARM.ActiveCfg = Release|ARM
		{6DD9BC86-B7C4-4C8A-A793-C1870A8A774D}.Release|ARM.Build.0 = Release|ARM
		{6DD9BC86-B7C4-4C8A-A793-C1870A8A774D}.Release|ARM.Deploy.0 = Release|ARM
		{6DD9BC86-B7C4-4C8A-A793-C1870A8A774D}.Release|iPhone.ActiveCfg = Release|Any CPU
		{6DD9BC86-B7C4-4C8A-A793-C1870A8A774D}.Release|iPhoneSimulator.ActiveCfg = Release|Any CPU
		{6DD9BC86-B7C4-4C8A-A793-C1870A8A774D}.Release|Mixed Platforms.ActiveCfg = Release|x86
		{6DD9BC86-B7C4-4C8A-A793-C1870A8A774D}.Release|Mixed Platforms.Build.0 = Release|x86
		{6DD9BC86-B7C4-4C8A-A793-C1870A8A774D}.Release|Mixed Platforms.Deploy.0 = Release|x86
		{6DD9BC86-B7C4-4C8A-A793-C1870A8A774D}.Release|x86.ActiveCfg = Release|x86
		{6DD9BC86-B7C4-4C8A-A793-C1870A8A774D}.Release|x86.Build.0 = Release|x86
		{6DD9BC86-B7C4-4C8A-A793-C1870A8A774D}.Release|x86.Deploy.0 = Release|x86
		{28A82DFD-B041-47DE-B3BE-6AE26339A386}.Ad-Hoc|Any CPU.ActiveCfg = Ad-Hoc|iPhone
		{28A82DFD-B041-47DE-B3BE-6AE26339A386}.Ad-Hoc|ARM.ActiveCfg = Ad-Hoc|iPhone
		{28A82DFD-B041-47DE-B3BE-6AE26339A386}.Ad-Hoc|iPhone.ActiveCfg = Ad-Hoc|iPhone
		{28A82DFD-B041-47DE-B3BE-6AE26339A386}.Ad-Hoc|iPhone.Build.0 = Ad-Hoc|iPhone
		{28A82DFD-B041-47DE-B3BE-6AE26339A386}.Ad-Hoc|iPhoneSimulator.ActiveCfg = Ad-Hoc|iPhoneSimulator
		{28A82DFD-B041-47DE-B3BE-6AE26339A386}.Ad-Hoc|iPhoneSimulator.Build.0 = Ad-Hoc|iPhoneSimulator
		{28A82DFD-B041-47DE-B3BE-6AE26339A386}.Ad-Hoc|Mixed Platforms.ActiveCfg = Ad-Hoc|iPhone
		{28A82DFD-B041-47DE-B3BE-6AE26339A386}.Ad-Hoc|Mixed Platforms.Build.0 = Ad-Hoc|iPhone
		{28A82DFD-B041-47DE-B3BE-6AE26339A386}.Ad-Hoc|x86.ActiveCfg = Ad-Hoc|iPhone
		{28A82DFD-B041-47DE-B3BE-6AE26339A386}.AppStore|Any CPU.ActiveCfg = AppStore|iPhone
		{28A82DFD-B041-47DE-B3BE-6AE26339A386}.AppStore|ARM.ActiveCfg = AppStore|iPhone
		{28A82DFD-B041-47DE-B3BE-6AE26339A386}.AppStore|iPhone.ActiveCfg = AppStore|iPhone
		{28A82DFD-B041-47DE-B3BE-6AE26339A386}.AppStore|iPhone.Build.0 = AppStore|iPhone
		{28A82DFD-B041-47DE-B3BE-6AE26339A386}.AppStore|iPhoneSimulator.ActiveCfg = AppStore|iPhoneSimulator
		{28A82DFD-B041-47DE-B3BE-6AE26339A386}.AppStore|iPhoneSimulator.Build.0 = AppStore|iPhoneSimulator
		{28A82DFD-B041-47DE-B3BE-6AE26339A386}.AppStore|Mixed Platforms.ActiveCfg = AppStore|iPhone
		{28A82DFD-B041-47DE-B3BE-6AE26339A386}.AppStore|Mixed Platforms.Build.0 = AppStore|iPhone
		{28A82DFD-B041-47DE-B3BE-6AE26339A386}.AppStore|x86.ActiveCfg = AppStore|iPhone
		{28A82DFD-B041-47DE-B3BE-6AE26339A386}.Debug|Any CPU.ActiveCfg = Debug|iPhone
		{28A82DFD-B041-47DE-B3BE-6AE26339A386}.Debug|ARM.ActiveCfg = Debug|iPhone
		{28A82DFD-B041-47DE-B3BE-6AE26339A386}.Debug|iPhone.ActiveCfg = Debug|iPhone
		{28A82DFD-B041-47DE-B3BE-6AE26339A386}.Debug|iPhone.Build.0 = Debug|iPhone
		{28A82DFD-B041-47DE-B3BE-6AE26339A386}.Debug|iPhoneSimulator.ActiveCfg = Debug|iPhoneSimulator
		{28A82DFD-B041-47DE-B3BE-6AE26339A386}.Debug|iPhoneSimulator.Build.0 = Debug|iPhoneSimulator
		{28A82DFD-B041-47DE-B3BE-6AE26339A386}.Debug|Mixed Platforms.ActiveCfg = Debug|iPhone
		{28A82DFD-B041-47DE-B3BE-6AE26339A386}.Debug|Mixed Platforms.Build.0 = Debug|iPhone
		{28A82DFD-B041-47DE-B3BE-6AE26339A386}.Debug|x86.ActiveCfg = Debug|iPhone
		{28A82DFD-B041-47DE-B3BE-6AE26339A386}.Release|Any CPU.ActiveCfg = Release|iPhone
		{28A82DFD-B041-47DE-B3BE-6AE26339A386}.Release|ARM.ActiveCfg = Release|iPhone
		{28A82DFD-B041-47DE-B3BE-6AE26339A386}.Release|iPhone.ActiveCfg = Release|iPhone
		{28A82DFD-B041-47DE-B3BE-6AE26339A386}.Release|iPhone.Build.0 = Release|iPhone
		{28A82DFD-B041-47DE-B3BE-6AE26339A386}.Release|iPhoneSimulator.ActiveCfg = Release|iPhoneSimulator
		{28A82DFD-B041-47DE-B3BE-6AE26339A386}.Release|iPhoneSimulator.Build.0 = Release|iPhoneSimulator
		{28A82DFD-B041-47DE-B3BE-6AE26339A386}.Release|Mixed Platforms.ActiveCfg = Release|iPhone
		{28A82DFD-B041-47DE-B3BE-6AE26339A386}.Release|Mixed Platforms.Build.0 = Release|iPhone
		{28A82DFD-B041-47DE-B3BE-6AE26339A386}.Release|x86.ActiveCfg = Release|iPhone
		{48D9F34D-BBBB-42FC-9C3F-8AC856AD8A17}.Ad-Hoc|Any CPU.ActiveCfg = Release|Any CPU
		{48D9F34D-BBBB-42FC-9C3F-8AC856AD8A17}.Ad-Hoc|Any CPU.Build.0 = Release|Any CPU
		{48D9F34D-BBBB-42FC-9C3F-8AC856AD8A17}.Ad-Hoc|Any CPU.Deploy.0 = Release|Any CPU
		{48D9F34D-BBBB-42FC-9C3F-8AC856AD8A17}.Ad-Hoc|ARM.ActiveCfg = Release|Any CPU
		{48D9F34D-BBBB-42FC-9C3F-8AC856AD8A17}.Ad-Hoc|iPhone.ActiveCfg = Release|Any CPU
		{48D9F34D-BBBB-42FC-9C3F-8AC856AD8A17}.Ad-Hoc|iPhoneSimulator.ActiveCfg = Release|Any CPU
		{48D9F34D-BBBB-42FC-9C3F-8AC856AD8A17}.Ad-Hoc|Mixed Platforms.ActiveCfg = Release|Any CPU
		{48D9F34D-BBBB-42FC-9C3F-8AC856AD8A17}.Ad-Hoc|Mixed Platforms.Build.0 = Release|Any CPU
		{48D9F34D-BBBB-42FC-9C3F-8AC856AD8A17}.Ad-Hoc|Mixed Platforms.Deploy.0 = Release|Any CPU
		{48D9F34D-BBBB-42FC-9C3F-8AC856AD8A17}.Ad-Hoc|x86.ActiveCfg = Release|Any CPU
		{48D9F34D-BBBB-42FC-9C3F-8AC856AD8A17}.AppStore|Any CPU.ActiveCfg = Release|Any CPU
		{48D9F34D-BBBB-42FC-9C3F-8AC856AD8A17}.AppStore|Any CPU.Build.0 = Release|Any CPU
		{48D9F34D-BBBB-42FC-9C3F-8AC856AD8A17}.AppStore|Any CPU.Deploy.0 = Release|Any CPU
		{48D9F34D-BBBB-42FC-9C3F-8AC856AD8A17}.AppStore|ARM.ActiveCfg = Release|Any CPU
		{48D9F34D-BBBB-42FC-9C3F-8AC856AD8A17}.AppStore|iPhone.ActiveCfg = Release|Any CPU
		{48D9F34D-BBBB-42FC-9C3F-8AC856AD8A17}.AppStore|iPhoneSimulator.ActiveCfg = Release|Any CPU
		{48D9F34D-BBBB-42FC-9C3F-8AC856AD8A17}.AppStore|Mixed Platforms.ActiveCfg = Release|Any CPU
		{48D9F34D-BBBB-42FC-9C3F-8AC856AD8A17}.AppStore|Mixed Platforms.Build.0 = Release|Any CPU
		{48D9F34D-BBBB-42FC-9C3F-8AC856AD8A17}.AppStore|Mixed Platforms.Deploy.0 = Release|Any CPU
		{48D9F34D-BBBB-42FC-9C3F-8AC856AD8A17}.AppStore|x86.ActiveCfg = Release|Any CPU
		{48D9F34D-BBBB-42FC-9C3F-8AC856AD8A17}.Debug|Any CPU.ActiveCfg = Debug|Any CPU
		{48D9F34D-BBBB-42FC-9C3F-8AC856AD8A17}.Debug|Any CPU.Build.0 = Debug|Any CPU
		{48D9F34D-BBBB-42FC-9C3F-8AC856AD8A17}.Debug|Any CPU.Deploy.0 = Debug|Any CPU
		{48D9F34D-BBBB-42FC-9C3F-8AC856AD8A17}.Debug|ARM.ActiveCfg = Debug|Any CPU
		{48D9F34D-BBBB-42FC-9C3F-8AC856AD8A17}.Debug|iPhone.ActiveCfg = Debug|Any CPU
		{48D9F34D-BBBB-42FC-9C3F-8AC856AD8A17}.Debug|iPhoneSimulator.ActiveCfg = Debug|Any CPU
		{48D9F34D-BBBB-42FC-9C3F-8AC856AD8A17}.Debug|Mixed Platforms.ActiveCfg = Debug|Any CPU
		{48D9F34D-BBBB-42FC-9C3F-8AC856AD8A17}.Debug|Mixed Platforms.Build.0 = Debug|Any CPU
		{48D9F34D-BBBB-42FC-9C3F-8AC856AD8A17}.Debug|Mixed Platforms.Deploy.0 = Debug|Any CPU
		{48D9F34D-BBBB-42FC-9C3F-8AC856AD8A17}.Debug|x86.ActiveCfg = Debug|Any CPU
		{48D9F34D-BBBB-42FC-9C3F-8AC856AD8A17}.Release|Any CPU.ActiveCfg = Release|Any CPU
		{48D9F34D-BBBB-42FC-9C3F-8AC856AD8A17}.Release|Any CPU.Build.0 = Release|Any CPU
		{48D9F34D-BBBB-42FC-9C3F-8AC856AD8A17}.Release|Any CPU.Deploy.0 = Release|Any CPU
		{48D9F34D-BBBB-42FC-9C3F-8AC856AD8A17}.Release|ARM.ActiveCfg = Release|Any CPU
		{48D9F34D-BBBB-42FC-9C3F-8AC856AD8A17}.Release|iPhone.ActiveCfg = Release|Any CPU
		{48D9F34D-BBBB-42FC-9C3F-8AC856AD8A17}.Release|iPhoneSimulator.ActiveCfg = Release|Any CPU
		{48D9F34D-BBBB-42FC-9C3F-8AC856AD8A17}.Release|Mixed Platforms.ActiveCfg = Release|Any CPU
		{48D9F34D-BBBB-42FC-9C3F-8AC856AD8A17}.Release|Mixed Platforms.Build.0 = Release|Any CPU
		{48D9F34D-BBBB-42FC-9C3F-8AC856AD8A17}.Release|Mixed Platforms.Deploy.0 = Release|Any CPU
		{48D9F34D-BBBB-42FC-9C3F-8AC856AD8A17}.Release|x86.ActiveCfg = Release|Any CPU
	EndGlobalSection
	GlobalSection(SolutionProperties) = preSolution
		HideSolutionNode = FALSE
	EndGlobalSection
EndGlobal
